
Microsoft Visual Studio Solution File, Format Version 12.00
# Visual Studio Version 16
VisualStudioVersion = 16.0.31205.134
MinimumVisualStudioVersion = 10.0.40219.1
Project("{FAE04EC0-301F-11D3-BF4B-00C04F79EFBC}") = "Stepmedia", "Stepmedia\Stepmedia.csproj", "{94C15369-02B8-4490-A334-FA24AED62191}"
EndProject
Global
	GlobalSection(SolutionConfigurationPlatforms) = preSolution
		Debug|Any CPU = Debug|Any CPU
		Release|Any CPU = Release|Any CPU
	EndGlobalSection
	GlobalSection(ProjectConfigurationPlatforms) = postSolution
		{94C15369-02B8-4490-A334-FA24AED62191}.Debug|Any CPU.ActiveCfg = Debug|Any CPU
		{94C15369-02B8-4490-A334-FA24AED62191}.Debug|Any CPU.Build.0 = Debug|Any CPU
		{94C15369-02B8-4490-A334-FA24AED62191}.Release|Any CPU.ActiveCfg = Release|Any CPU
		{94C15369-02B8-4490-A334-FA24AED62191}.Release|Any CPU.Build.0 = Release|Any CPU
	EndGlobalSection
	GlobalSection(SolutionProperties) = preSolution
		HideSolutionNode = FALSE
	EndGlobalSection
	GlobalSection(ExtensibilityGlobals) = postSolution
		SolutionGuid = {F5AA99E6-2D6E-467B-AEE6-96E87E39D197}
	EndGlobalSection
EndGlobal
